
Microsoft Visual Studio Solution File, Format Version 12.00
# Visual Studio Version 16
VisualStudioVersion = 16.0.30114.105
MinimumVisualStudioVersion = 10.0.40219.1
Project("{FAE04EC0-301F-11D3-BF4B-00C04F79EFBC}") = "R5T.T0110", "R5T.T0110\R5T.T0110.csproj", "{02302090-58C2-4EFF-8D15-DF0DEBEDEFBF}"
EndProject
Project("{FAE04EC0-301F-11D3-BF4B-00C04F79EFBC}") = "R5T.T0110.Construction", "R5T.T0110.Construction\R5T.T0110.Construction.csproj", "{37168C47-CACC-4EBC-AA61-5F92A177B4D2}"
EndProject
Project("{FAE04EC0-301F-11D3-BF4B-00C04F79EFBC}") = "R5T.T0110.X001", "R5T.T0110.X001\R5T.T0110.X001.csproj", "{7E80F8B4-72EA-4343-926A-7096743D5785}"
EndProject
Global
	GlobalSection(SolutionConfigurationPlatforms) = preSolution
		Debug|Any CPU = Debug|Any CPU
		Debug|x64 = Debug|x64
		Debug|x86 = Debug|x86
		Release|Any CPU = Release|Any CPU
		Release|x64 = Release|x64
		Release|x86 = Release|x86
	EndGlobalSection
	GlobalSection(SolutionProperties) = preSolution
		HideSolutionNode = FALSE
	EndGlobalSection
	GlobalSection(ProjectConfigurationPlatforms) = postSolution
		{02302090-58C2-4EFF-8D15-DF0DEBEDEFBF}.Debug|Any CPU.ActiveCfg = Debug|Any CPU
		{02302090-58C2-4EFF-8D15-DF0DEBEDEFBF}.Debug|Any CPU.Build.0 = Debug|Any CPU
		{02302090-58C2-4EFF-8D15-DF0DEBEDEFBF}.Debug|x64.ActiveCfg = Debug|Any CPU
		{02302090-58C2-4EFF-8D15-DF0DEBEDEFBF}.Debug|x64.Build.0 = Debug|Any CPU
		{02302090-58C2-4EFF-8D15-DF0DEBEDEFBF}.Debug|x86.ActiveCfg = Debug|Any CPU
		{02302090-58C2-4EFF-8D15-DF0DEBEDEFBF}.Debug|x86.Build.0 = Debug|Any CPU
		{02302090-58C2-4EFF-8D15-DF0DEBEDEFBF}.Release|Any CPU.ActiveCfg = Release|Any CPU
		{02302090-58C2-4EFF-8D15-DF0DEBEDEFBF}.Release|Any CPU.Build.0 = Release|Any CPU
		{02302090-58C2-4EFF-8D15-DF0DEBEDEFBF}.Release|x64.ActiveCfg = Release|Any CPU
		{02302090-58C2-4EFF-8D15-DF0DEBEDEFBF}.Release|x64.Build.0 = Release|Any CPU
		{02302090-58C2-4EFF-8D15-DF0DEBEDEFBF}.Release|x86.ActiveCfg = Release|Any CPU
		{02302090-58C2-4EFF-8D15-DF0DEBEDEFBF}.Release|x86.Build.0 = Release|Any CPU
		{37168C47-CACC-4EBC-AA61-5F92A177B4D2}.Debug|Any CPU.ActiveCfg = Debug|Any CPU
		{37168C47-CACC-4EBC-AA61-5F92A177B4D2}.Debug|Any CPU.Build.0 = Debug|Any CPU
		{37168C47-CACC-4EBC-AA61-5F92A177B4D2}.Debug|x64.ActiveCfg = Debug|Any CPU
		{37168C47-CACC-4EBC-AA61-5F92A177B4D2}.Debug|x64.Build.0 = Debug|Any CPU
		{37168C47-CACC-4EBC-AA61-5F92A177B4D2}.Debug|x86.ActiveCfg = Debug|Any CPU
		{37168C47-CACC-4EBC-AA61-5F92A177B4D2}.Debug|x86.Build.0 = Debug|Any CPU
		{37168C47-CACC-4EBC-AA61-5F92A177B4D2}.Release|Any CPU.ActiveCfg = Release|Any CPU
		{37168C47-CACC-4EBC-AA61-5F92A177B4D2}.Release|Any CPU.Build.0 = Release|Any CPU
		{37168C47-CACC-4EBC-AA61-5F92A177B4D2}.Release|x64.ActiveCfg = Release|Any CPU
		{37168C47-CACC-4EBC-AA61-5F92A177B4D2}.Release|x64.Build.0 = Release|Any CPU
		{37168C47-CACC-4EBC-AA61-5F92A177B4D2}.Release|x86.ActiveCfg = Release|Any CPU
		{37168C47-CACC-4EBC-AA61-5F92A177B4D2}.Release|x86.Build.0 = Release|Any CPU
		{7E80F8B4-72EA-4343-926A-7096743D5785}.Debug|Any CPU.ActiveCfg = Debug|Any CPU
		{7E80F8B4-72EA-4343-926A-7096743D5785}.Debug|Any CPU.Build.0 = Debug|Any CPU
		{7E80F8B4-72EA-4343-926A-7096743D5785}.Debug|x64.ActiveCfg = Debug|Any CPU
		{7E80F8B4-72EA-4343-926A-7096743D5785}.Debug|x64.Build.0 = Debug|Any CPU
		{7E80F8B4-72EA-4343-926A-7096743D5785}.Debug|x86.ActiveCfg = Debug|Any CPU
		{7E80F8B4-72EA-4343-926A-7096743D5785}.Debug|x86.Build.0 = Debug|Any CPU
		{7E80F8B4-72EA-4343-926A-7096743D5785}.Release|Any CPU.ActiveCfg = Release|Any CPU
		{7E80F8B4-72EA-4343-926A-7096743D5785}.Release|Any CPU.Build.0 = Release|Any CPU
		{7E80F8B4-72EA-4343-926A-7096743D5785}.Release|x64.ActiveCfg = Release|Any CPU
		{7E80F8B4-72EA-4343-926A-7096743D5785}.Release|x64.Build.0 = Release|Any CPU
		{7E80F8B4-72EA-4343-926A-7096743D5785}.Release|x86.ActiveCfg = Release|Any CPU
		{7E80F8B4-72EA-4343-926A-7096743D5785}.Release|x86.Build.0 = Release|Any CPU
	EndGlobalSection
EndGlobal
